
Microsoft Visual Studio Solution File, Format Version 12.00
# Visual Studio Version 17
VisualStudioVersion = 17.3.32922.545
MinimumVisualStudioVersion = 10.0.40219.1
Project("{FAE04EC0-301F-11D3-BF4B-00C04F79EFBC}") = "find odd number from 20 to 100 by using do while loop", "find odd number from 20 to 100 by using do while loop\find odd number from 20 to 100 by using do while loop.csproj", "{917C7756-62FF-4E53-8B26-E196FD84A3D5}"
EndProject
Global
	GlobalSection(SolutionConfigurationPlatforms) = preSolution
		Debug|Any CPU = Debug|Any CPU
		Release|Any CPU = Release|Any CPU
	EndGlobalSection
	GlobalSection(ProjectConfigurationPlatforms) = postSolution
		{917C7756-62FF-4E53-8B26-E196FD84A3D5}.Debug|Any CPU.ActiveCfg = Debug|Any CPU
		{917C7756-62FF-4E53-8B26-E196FD84A3D5}.Debug|Any CPU.Build.0 = Debug|Any CPU
		{917C7756-62FF-4E53-8B26-E196FD84A3D5}.Release|Any CPU.ActiveCfg = Release|Any CPU
		{917C7756-62FF-4E53-8B26-E196FD84A3D5}.Release|Any CPU.Build.0 = Release|Any CPU
	EndGlobalSection
	GlobalSection(SolutionProperties) = preSolution
		HideSolutionNode = FALSE
	EndGlobalSection
	GlobalSection(ExtensibilityGlobals) = postSolution
		SolutionGuid = {A253FAB0-9A8E-4840-B450-13C75FE97C46}
	EndGlobalSection
EndGlobal
